// !$*UTF8*$!
{
	archiveVersion = 1;
	classes = {
	};
	objectVersion = 46;
	objects = {

/* Begin PBXBuildFile section */
		500037951EE139D50007D164 /* main.m in Sources */ = {isa = PBXBuildFile; fileRef = 500037941EE139D50007D164 /* main.m */; };
		500037981EE139D50007D164 /* AppDelegate.m in Sources */ = {isa = PBXBuildFile; fileRef = 500037971EE139D50007D164 /* AppDelegate.m */; };
		500037A01EE139D60007D164 /* Assets.xcassets in Resources */ = {isa = PBXBuildFile; fileRef = 5000379F1EE139D60007D164 /* Assets.xcassets */; };
		500037AE1EE139D60007D164 /* ZMeducation2_0Tests.m in Sources */ = {isa = PBXBuildFile; fileRef = 500037AD1EE139D60007D164 /* ZMeducation2_0Tests.m */; };
		500037B91EE139D60007D164 /* ZMeducation2_0UITests.m in Sources */ = {isa = PBXBuildFile; fileRef = 500037B81EE139D60007D164 /* ZMeducation2_0UITests.m */; };
		500037CD1EEE75AA0007D164 /* ZMBaseViewController.m in Sources */ = {isa = PBXBuildFile; fileRef = 500037CC1EEE75AA0007D164 /* ZMBaseViewController.m */; };
		500037D01EEE75D60007D164 /* ZMBaseNavigationController.m in Sources */ = {isa = PBXBuildFile; fileRef = 500037CF1EEE75D60007D164 /* ZMBaseNavigationController.m */; };
		500037D81EEE7B530007D164 /* UIView+Positioning.m in Sources */ = {isa = PBXBuildFile; fileRef = 500037D71EEE7B530007D164 /* UIView+Positioning.m */; };
		500037DF1EEE8E5A0007D164 /* LoginViewController.m in Sources */ = {isa = PBXBuildFile; fileRef = 500037DE1EEE8E5A0007D164 /* LoginViewController.m */; };
		500037E21EEF8E4D0007D164 /* HomeViewController.m in Sources */ = {isa = PBXBuildFile; fileRef = 500037E11EEF8E4D0007D164 /* HomeViewController.m */; };
		500037E51EEFC9740007D164 /* LiuChengViewController.m in Sources */ = {isa = PBXBuildFile; fileRef = 500037E41EEFC9740007D164 /* LiuChengViewController.m */; };
		500037E81EEFCF430007D164 /* XieZuoViewController.m in Sources */ = {isa = PBXBuildFile; fileRef = 500037E71EEFCF430007D164 /* XieZuoViewController.m */; };
		500037EB1EEFDA220007D164 /* LiuLanViewController.m in Sources */ = {isa = PBXBuildFile; fileRef = 500037EA1EEFDA220007D164 /* LiuLanViewController.m */; };
		500037EE1EEFDA340007D164 /* GongJuViewController.m in Sources */ = {isa = PBXBuildFile; fileRef = 500037ED1EEFDA340007D164 /* GongJuViewController.m */; };
		50590E7B1EF8B7B800FF1F5A /* RequestOperationManager.m in Sources */ = {isa = PBXBuildFile; fileRef = 50590E7A1EF8B7B800FF1F5A /* RequestOperationManager.m */; };
		50590E7E1EF9154C00FF1F5A /* SelectViewController.m in Sources */ = {isa = PBXBuildFile; fileRef = 50590E7D1EF9154C00FF1F5A /* SelectViewController.m */; };
		50590E811EFA4C8F00FF1F5A /* CACUtility.m in Sources */ = {isa = PBXBuildFile; fileRef = 50590E801EFA4C8F00FF1F5A /* CACUtility.m */; };
		50590E841EFA4D4000FF1F5A /* NSString+MD5.m in Sources */ = {isa = PBXBuildFile; fileRef = 50590E831EFA4D4000FF1F5A /* NSString+MD5.m */; };
		50590E8A1EFA4D8400FF1F5A /* LICENSE in Resources */ = {isa = PBXBuildFile; fileRef = 50590E861EFA4D8400FF1F5A /* LICENSE */; };
		50590E8B1EFA4D8400FF1F5A /* MBProgressHUD.m in Sources */ = {isa = PBXBuildFile; fileRef = 50590E881EFA4D8400FF1F5A /* MBProgressHUD.m */; };
		50590E8C1EFA4D8400FF1F5A /* README.mdown in Sources */ = {isa = PBXBuildFile; fileRef = 50590E891EFA4D8400FF1F5A /* README.mdown */; };
		505AEC111F20996600B0C1C0 /* DuoXuanTiViewController.m in Sources */ = {isa = PBXBuildFile; fileRef = 505AEC101F20996600B0C1C0 /* DuoXuanTiViewController.m */; };
		505AEC141F209EC500B0C1C0 /* LunTanViewController.m in Sources */ = {isa = PBXBuildFile; fileRef = 505AEC131F209EC500B0C1C0 /* LunTanViewController.m */; };
		505AEC171F25CCB400B0C1C0 /* XiaoZuHeZuoViewController.m in Sources */ = {isa = PBXBuildFile; fileRef = 505AEC161F25CCB400B0C1C0 /* XiaoZuHeZuoViewController.m */; };
		50A955811F14A82F00D12F40 /* CustomLine.m in Sources */ = {isa = PBXBuildFile; fileRef = 50A955801F14A82F00D12F40 /* CustomLine.m */; };
		50A955841F17200000D12F40 /* TianKongTiViewController.m in Sources */ = {isa = PBXBuildFile; fileRef = 50A955831F17200000D12F40 /* TianKongTiViewController.m */; };
		50A955871F176E7100D12F40 /* YinPinViewController.m in Sources */ = {isa = PBXBuildFile; fileRef = 50A955861F176E7100D12F40 /* YinPinViewController.m */; };
		50A9558B1F1EF36A00D12F40 /* JianDaTiViewController.m in Sources */ = {isa = PBXBuildFile; fileRef = 50A9558A1F1EF36A00D12F40 /* JianDaTiViewController.m */; };
		50A9558E1F1F5FFE00D12F40 /* DanXuanTiViewController.m in Sources */ = {isa = PBXBuildFile; fileRef = 50A9558D1F1F5FFE00D12F40 /* DanXuanTiViewController.m */; };
		746D9F6A7F5B0EE23C6BF468 /* Pods_ZMeducation2_0.framework in Frameworks */ = {isa = PBXBuildFile; fileRef = 756773D42C30F3BF5397F889 /* Pods_ZMeducation2_0.framework */; };
		D95A8B771F30A98D0016F3A7 /* toupiaoViewController.m in Sources */ = {isa = PBXBuildFile; fileRef = D95A8B761F30A98D0016F3A7 /* toupiaoViewController.m */; };
		D96CF8BF1F248C1600E82985 /* PdfViewController.m in Sources */ = {isa = PBXBuildFile; fileRef = D96CF8BE1F248C1600E82985 /* PdfViewController.m */; };
		D96CF8C21F248C2D00E82985 /* ShiPinViewController.m in Sources */ = {isa = PBXBuildFile; fileRef = D96CF8C11F248C2D00E82985 /* ShiPinViewController.m */; };
		D96CF8C41F2492E500E82985 /* AVFoundation.framework in Frameworks */ = {isa = PBXBuildFile; fileRef = D96CF8C31F2492E500E82985 /* AVFoundation.framework */; };
		D96CF8C61F2492EA00E82985 /* AVKit.framework in Frameworks */ = {isa = PBXBuildFile; fileRef = D96CF8C51F2492EA00E82985 /* AVKit.framework */; };
		D96CF8C91F24DEC800E82985 /* LunTanCell.m in Sources */ = {isa = PBXBuildFile; fileRef = D96CF8C81F24DEC800E82985 /* LunTanCell.m */; };
		D97794FC1F3207DF008F6033 /* WenGaoViewController.m in Sources */ = {isa = PBXBuildFile; fileRef = D97794FB1F3207DF008F6033 /* WenGaoViewController.m */; };
		D98ACC4B1F28CD4F00822DFF /* XiaoZuHeZuoCell.m in Sources */ = {isa = PBXBuildFile; fileRef = D98ACC4A1F28CD4F00822DFF /* XiaoZuHeZuoCell.m */; };
		D98B66581F2A1E5B0003DA4F /* TouPiaoJieguoViewController.m in Sources */ = {isa = PBXBuildFile; fileRef = D98B66571F2A1E5B0003DA4F /* TouPiaoJieguoViewController.m */; };
		D99A36841F2F5D4F008273A9 /* TouPiaoJieGuo1ViewController.m in Sources */ = {isa = PBXBuildFile; fileRef = D99A36831F2F5D4F008273A9 /* TouPiaoJieGuo1ViewController.m */; };
		D9A2DB951F36D2E800E8201F /* QiangDaViewController.m in Sources */ = {isa = PBXBuildFile; fileRef = D9A2DB941F36D2E800E8201F /* QiangDaViewController.m */; };
		D9B300311F334F2F00CBF73B /* TouPiaoJieGuo2ViewController.m in Sources */ = {isa = PBXBuildFile; fileRef = D9B300301F334F2F00CBF73B /* TouPiaoJieGuo2ViewController.m */; };
/* End PBXBuildFile section */

/* Begin PBXContainerItemProxy section */
		500037AA1EE139D60007D164 /* PBXContainerItemProxy */ = {
			isa = PBXContainerItemProxy;
			containerPortal = 500037881EE139D50007D164 /* Project object */;
			proxyType = 1;
			remoteGlobalIDString = 5000378F1EE139D50007D164;
			remoteInfo = ZMeducation2.0;
		};
		500037B51EE139D60007D164 /* PBXContainerItemProxy */ = {
			isa = PBXContainerItemProxy;
			containerPortal = 500037881EE139D50007D164 /* Project object */;
			proxyType = 1;
			remoteGlobalIDString = 5000378F1EE139D50007D164;
			remoteInfo = ZMeducation2.0;
		};
/* End PBXContainerItemProxy section */

/* Begin PBXFileReference section */
		3DF6A7AC097D78266E2EF86A /* Pods-ZMeducation2.0.debug.xcconfig */ = {isa = PBXFileReference; includeInIndex = 1; lastKnownFileType = text.xcconfig; name = "Pods-ZMeducation2.0.debug.xcconfig"; path = "Pods/Target Support Files/Pods-ZMeducation2.0/Pods-ZMeducation2.0.debug.xcconfig"; sourceTree = "<group>"; };
		500037901EE139D50007D164 /* ZMeducation2.0.app */ = {isa = PBXFileReference; explicitFileType = wrapper.application; includeInIndex = 0; path = ZMeducation2.0.app; sourceTree = BUILT_PRODUCTS_DIR; };
		500037941EE139D50007D164 /* main.m */ = {isa = PBXFileReference; lastKnownFileType = sourcecode.c.objc; path = main.m; sourceTree = "<group>"; };
		500037961EE139D50007D164 /* AppDelegate.h */ = {isa = PBXFileReference; lastKnownFileType = sourcecode.c.h; path = AppDelegate.h; sourceTree = "<group>"; };
		500037971EE139D50007D164 /* AppDelegate.m */ = {isa = PBXFileReference; lastKnownFileType = sourcecode.c.objc; path = AppDelegate.m; sourceTree = "<group>"; };
		5000379F1EE139D60007D164 /* Assets.xcassets */ = {isa = PBXFileReference; lastKnownFileType = folder.assetcatalog; path = Assets.xcassets; sourceTree = "<group>"; };
		500037A41EE139D60007D164 /* Info.plist */ = {isa = PBXFileReference; lastKnownFileType = text.plist.xml; path = Info.plist; sourceTree = "<group>"; };
		500037A91EE139D60007D164 /* ZMeducation2.0Tests.xctest */ = {isa = PBXFileReference; explicitFileType = wrapper.cfbundle; includeInIndex = 0; path = ZMeducation2.0Tests.xctest; sourceTree = BUILT_PRODUCTS_DIR; };
		500037AD1EE139D60007D164 /* ZMeducation2_0Tests.m */ = {isa = PBXFileReference; lastKnownFileType = sourcecode.c.objc; path = ZMeducation2_0Tests.m; sourceTree = "<group>"; };
		500037AF1EE139D60007D164 /* Info.plist */ = {isa = PBXFileReference; lastKnownFileType = text.plist.xml; path = Info.plist; sourceTree = "<group>"; };
		500037B41EE139D60007D164 /* ZMeducation2.0UITests.xctest */ = {isa = PBXFileReference; explicitFileType = wrapper.cfbundle; includeInIndex = 0; path = ZMeducation2.0UITests.xctest; sourceTree = BUILT_PRODUCTS_DIR; };
		500037B81EE139D60007D164 /* ZMeducation2_0UITests.m */ = {isa = PBXFileReference; lastKnownFileType = sourcecode.c.objc; path = ZMeducation2_0UITests.m; sourceTree = "<group>"; };
		500037BA1EE139D60007D164 /* Info.plist */ = {isa = PBXFileReference; lastKnownFileType = text.plist.xml; path = Info.plist; sourceTree = "<group>"; };
		500037CB1EEE75AA0007D164 /* ZMBaseViewController.h */ = {isa = PBXFileReference; fileEncoding = 4; lastKnownFileType = sourcecode.c.h; path = ZMBaseViewController.h; sourceTree = "<group>"; };
		500037CC1EEE75AA0007D164 /* ZMBaseViewController.m */ = {isa = PBXFileReference; fileEncoding = 4; lastKnownFileType = sourcecode.c.objc; path = ZMBaseViewController.m; sourceTree = "<group>"; };
		500037CE1EEE75D60007D164 /* ZMBaseNavigationController.h */ = {isa = PBXFileReference; fileEncoding = 4; lastKnownFileType = sourcecode.c.h; path = ZMBaseNavigationController.h; sourceTree = "<group>"; };
		500037CF1EEE75D60007D164 /* ZMBaseNavigationController.m */ = {isa = PBXFileReference; fileEncoding = 4; lastKnownFileType = sourcecode.c.objc; path = ZMBaseNavigationController.m; sourceTree = "<group>"; };
		500037D11EEE75FC0007D164 /* ConfigDefineHeader.h */ = {isa = PBXFileReference; fileEncoding = 4; lastKnownFileType = sourcecode.c.h; path = ConfigDefineHeader.h; sourceTree = "<group>"; };
		500037D21EEE79420007D164 /* CustomDefineHeader.h */ = {isa = PBXFileReference; lastKnownFileType = sourcecode.c.h; path = CustomDefineHeader.h; sourceTree = "<group>"; };
		500037D61EEE7B530007D164 /* UIView+Positioning.h */ = {isa = PBXFileReference; fileEncoding = 4; lastKnownFileType = sourcecode.c.h; path = "UIView+Positioning.h"; sourceTree = "<group>"; };
		500037D71EEE7B530007D164 /* UIView+Positioning.m */ = {isa = PBXFileReference; fileEncoding = 4; lastKnownFileType = sourcecode.c.objc; path = "UIView+Positioning.m"; sourceTree = "<group>"; };
		500037D91EEE7BF70007D164 /* PrefixHeader.pch */ = {isa = PBXFileReference; fileEncoding = 4; lastKnownFileType = sourcecode.c.h; path = PrefixHeader.pch; sourceTree = "<group>"; };
		500037DD1EEE8E5A0007D164 /* LoginViewController.h */ = {isa = PBXFileReference; fileEncoding = 4; lastKnownFileType = sourcecode.c.h; path = LoginViewController.h; sourceTree = "<group>"; };
		500037DE1EEE8E5A0007D164 /* LoginViewController.m */ = {isa = PBXFileReference; fileEncoding = 4; lastKnownFileType = sourcecode.c.objc; path = LoginViewController.m; sourceTree = "<group>"; };
		500037E01EEF8E4D0007D164 /* HomeViewController.h */ = {isa = PBXFileReference; fileEncoding = 4; lastKnownFileType = sourcecode.c.h; path = HomeViewController.h; sourceTree = "<group>"; };
		500037E11EEF8E4D0007D164 /* HomeViewController.m */ = {isa = PBXFileReference; fileEncoding = 4; lastKnownFileType = sourcecode.c.objc; path = HomeViewController.m; sourceTree = "<group>"; };
		500037E31EEFC9740007D164 /* LiuChengViewController.h */ = {isa = PBXFileReference; fileEncoding = 4; lastKnownFileType = sourcecode.c.h; path = LiuChengViewController.h; sourceTree = "<group>"; };
		500037E41EEFC9740007D164 /* LiuChengViewController.m */ = {isa = PBXFileReference; fileEncoding = 4; lastKnownFileType = sourcecode.c.objc; path = LiuChengViewController.m; sourceTree = "<group>"; };
		500037E61EEFCF430007D164 /* XieZuoViewController.h */ = {isa = PBXFileReference; fileEncoding = 4; lastKnownFileType = sourcecode.c.h; path = XieZuoViewController.h; sourceTree = "<group>"; };
		500037E71EEFCF430007D164 /* XieZuoViewController.m */ = {isa = PBXFileReference; fileEncoding = 4; lastKnownFileType = sourcecode.c.objc; path = XieZuoViewController.m; sourceTree = "<group>"; };
		500037E91EEFDA220007D164 /* LiuLanViewController.h */ = {isa = PBXFileReference; fileEncoding = 4; lastKnownFileType = sourcecode.c.h; path = LiuLanViewController.h; sourceTree = "<group>"; };
		500037EA1EEFDA220007D164 /* LiuLanViewController.m */ = {isa = PBXFileReference; fileEncoding = 4; lastKnownFileType = sourcecode.c.objc; path = LiuLanViewController.m; sourceTree = "<group>"; };
		500037EC1EEFDA340007D164 /* GongJuViewController.h */ = {isa = PBXFileReference; fileEncoding = 4; lastKnownFileType = sourcecode.c.h; path = GongJuViewController.h; sourceTree = "<group>"; };
		500037ED1EEFDA340007D164 /* GongJuViewController.m */ = {isa = PBXFileReference; fileEncoding = 4; lastKnownFileType = sourcecode.c.objc; path = GongJuViewController.m; sourceTree = "<group>"; };
		50590E791EF8B7B800FF1F5A /* RequestOperationManager.h */ = {isa = PBXFileReference; fileEncoding = 4; lastKnownFileType = sourcecode.c.h; path = RequestOperationManager.h; sourceTree = "<group>"; };
		50590E7A1EF8B7B800FF1F5A /* RequestOperationManager.m */ = {isa = PBXFileReference; fileEncoding = 4; lastKnownFileType = sourcecode.c.objc; path = RequestOperationManager.m; sourceTree = "<group>"; };
		50590E7C1EF9154C00FF1F5A /* SelectViewController.h */ = {isa = PBXFileReference; fileEncoding = 4; lastKnownFileType = sourcecode.c.h; path = SelectViewController.h; sourceTree = "<group>"; };
		50590E7D1EF9154C00FF1F5A /* SelectViewController.m */ = {isa = PBXFileReference; fileEncoding = 4; lastKnownFileType = sourcecode.c.objc; path = SelectViewController.m; sourceTree = "<group>"; };
		50590E7F1EFA4C8F00FF1F5A /* CACUtility.h */ = {isa = PBXFileReference; fileEncoding = 4; lastKnownFileType = sourcecode.c.h; path = CACUtility.h; sourceTree = "<group>"; };
		50590E801EFA4C8F00FF1F5A /* CACUtility.m */ = {isa = PBXFileReference; fileEncoding = 4; lastKnownFileType = sourcecode.c.objc; path = CACUtility.m; sourceTree = "<group>"; };
		50590E821EFA4D4000FF1F5A /* NSString+MD5.h */ = {isa = PBXFileReference; fileEncoding = 4; lastKnownFileType = sourcecode.c.h; path = "NSString+MD5.h"; sourceTree = "<group>"; };
		50590E831EFA4D4000FF1F5A /* NSString+MD5.m */ = {isa = PBXFileReference; fileEncoding = 4; lastKnownFileType = sourcecode.c.objc; path = "NSString+MD5.m"; sourceTree = "<group>"; };
		50590E861EFA4D8400FF1F5A /* LICENSE */ = {isa = PBXFileReference; fileEncoding = 4; lastKnownFileType = text; path = LICENSE; sourceTree = "<group>"; };
		50590E871EFA4D8400FF1F5A /* MBProgressHUD.h */ = {isa = PBXFileReference; fileEncoding = 4; lastKnownFileType = sourcecode.c.h; path = MBProgressHUD.h; sourceTree = "<group>"; };
		50590E881EFA4D8400FF1F5A /* MBProgressHUD.m */ = {isa = PBXFileReference; fileEncoding = 4; lastKnownFileType = sourcecode.c.objc; path = MBProgressHUD.m; sourceTree = "<group>"; };
		50590E891EFA4D8400FF1F5A /* README.mdown */ = {isa = PBXFileReference; fileEncoding = 4; lastKnownFileType = net.daringfireball.markdown; path = README.mdown; sourceTree = "<group>"; };
		505AEC0F1F20996600B0C1C0 /* DuoXuanTiViewController.h */ = {isa = PBXFileReference; fileEncoding = 4; lastKnownFileType = sourcecode.c.h; path = DuoXuanTiViewController.h; sourceTree = "<group>"; };
		505AEC101F20996600B0C1C0 /* DuoXuanTiViewController.m */ = {isa = PBXFileReference; fileEncoding = 4; lastKnownFileType = sourcecode.c.objc; path = DuoXuanTiViewController.m; sourceTree = "<group>"; };
		505AEC121F209EC500B0C1C0 /* LunTanViewController.h */ = {isa = PBXFileReference; fileEncoding = 4; lastKnownFileType = sourcecode.c.h; path = LunTanViewController.h; sourceTree = "<group>"; };
		505AEC131F209EC500B0C1C0 /* LunTanViewController.m */ = {isa = PBXFileReference; fileEncoding = 4; lastKnownFileType = sourcecode.c.objc; path = LunTanViewController.m; sourceTree = "<group>"; };
		505AEC151F25CCB400B0C1C0 /* XiaoZuHeZuoViewController.h */ = {isa = PBXFileReference; fileEncoding = 4; lastKnownFileType = sourcecode.c.h; path = XiaoZuHeZuoViewController.h; sourceTree = "<group>"; };
		505AEC161F25CCB400B0C1C0 /* XiaoZuHeZuoViewController.m */ = {isa = PBXFileReference; fileEncoding = 4; lastKnownFileType = sourcecode.c.objc; lineEnding = 0; path = XiaoZuHeZuoViewController.m; sourceTree = "<group>"; xcLanguageSpecificationIdentifier = xcode.lang.objc; };
		50A9557F1F14A82F00D12F40 /* CustomLine.h */ = {isa = PBXFileReference; fileEncoding = 4; lastKnownFileType = sourcecode.c.h; path = CustomLine.h; sourceTree = "<group>"; };
		50A955801F14A82F00D12F40 /* CustomLine.m */ = {isa = PBXFileReference; fileEncoding = 4; lastKnownFileType = sourcecode.c.objc; path = CustomLine.m; sourceTree = "<group>"; };
		50A955821F17200000D12F40 /* TianKongTiViewController.h */ = {isa = PBXFileReference; fileEncoding = 4; lastKnownFileType = sourcecode.c.h; path = TianKongTiViewController.h; sourceTree = "<group>"; };
		50A955831F17200000D12F40 /* TianKongTiViewController.m */ = {isa = PBXFileReference; fileEncoding = 4; lastKnownFileType = sourcecode.c.objc; path = TianKongTiViewController.m; sourceTree = "<group>"; };
		50A955851F176E7100D12F40 /* YinPinViewController.h */ = {isa = PBXFileReference; fileEncoding = 4; lastKnownFileType = sourcecode.c.h; path = YinPinViewController.h; sourceTree = "<group>"; };
		50A955861F176E7100D12F40 /* YinPinViewController.m */ = {isa = PBXFileReference; fileEncoding = 4; lastKnownFileType = sourcecode.c.objc; path = YinPinViewController.m; sourceTree = "<group>"; };
		50A955891F1EF36A00D12F40 /* JianDaTiViewController.h */ = {isa = PBXFileReference; fileEncoding = 4; lastKnownFileType = sourcecode.c.h; path = JianDaTiViewController.h; sourceTree = "<group>"; };
		50A9558A1F1EF36A00D12F40 /* JianDaTiViewController.m */ = {isa = PBXFileReference; fileEncoding = 4; lastKnownFileType = sourcecode.c.objc; path = JianDaTiViewController.m; sourceTree = "<group>"; };
		50A9558C1F1F5FFD00D12F40 /* DanXuanTiViewController.h */ = {isa = PBXFileReference; fileEncoding = 4; lastKnownFileType = sourcecode.c.h; path = DanXuanTiViewController.h; sourceTree = "<group>"; };
		50A9558D1F1F5FFE00D12F40 /* DanXuanTiViewController.m */ = {isa = PBXFileReference; fileEncoding = 4; lastKnownFileType = sourcecode.c.objc; path = DanXuanTiViewController.m; sourceTree = "<group>"; };
		5E0214FCDB878B1994FBB860 /* Pods-ZMeducation2.0.release.xcconfig */ = {isa = PBXFileReference; includeInIndex = 1; lastKnownFileType = text.xcconfig; name = "Pods-ZMeducation2.0.release.xcconfig"; path = "Pods/Target Support Files/Pods-ZMeducation2.0/Pods-ZMeducation2.0.release.xcconfig"; sourceTree = "<group>"; };
		756773D42C30F3BF5397F889 /* Pods_ZMeducation2_0.framework */ = {isa = PBXFileReference; explicitFileType = wrapper.framework; includeInIndex = 0; path = Pods_ZMeducation2_0.framework; sourceTree = BUILT_PRODUCTS_DIR; };
		D95A8B751F30A98D0016F3A7 /* toupiaoViewController.h */ = {isa = PBXFileReference; fileEncoding = 4; lastKnownFileType = sourcecode.c.h; path = toupiaoViewController.h; sourceTree = "<group>"; };
		D95A8B761F30A98D0016F3A7 /* toupiaoViewController.m */ = {isa = PBXFileReference; fileEncoding = 4; lastKnownFileType = sourcecode.c.objc; path = toupiaoViewController.m; sourceTree = "<group>"; };
		D96CF8BD1F248C1600E82985 /* PdfViewController.h */ = {isa = PBXFileReference; fileEncoding = 4; lastKnownFileType = sourcecode.c.h; path = PdfViewController.h; sourceTree = "<group>"; };
		D96CF8BE1F248C1600E82985 /* PdfViewController.m */ = {isa = PBXFileReference; fileEncoding = 4; lastKnownFileType = sourcecode.c.objc; path = PdfViewController.m; sourceTree = "<group>"; };
		D96CF8C01F248C2D00E82985 /* ShiPinViewController.h */ = {isa = PBXFileReference; fileEncoding = 4; lastKnownFileType = sourcecode.c.h; path = ShiPinViewController.h; sourceTree = "<group>"; };
		D96CF8C11F248C2D00E82985 /* ShiPinViewController.m */ = {isa = PBXFileReference; fileEncoding = 4; lastKnownFileType = sourcecode.c.objc; path = ShiPinViewController.m; sourceTree = "<group>"; };
		D96CF8C31F2492E500E82985 /* AVFoundation.framework */ = {isa = PBXFileReference; lastKnownFileType = wrapper.framework; name = AVFoundation.framework; path = System/Library/Frameworks/AVFoundation.framework; sourceTree = SDKROOT; };
		D96CF8C51F2492EA00E82985 /* AVKit.framework */ = {isa = PBXFileReference; lastKnownFileType = wrapper.framework; name = AVKit.framework; path = System/Library/Frameworks/AVKit.framework; sourceTree = SDKROOT; };
		D96CF8C71F24DEC800E82985 /* LunTanCell.h */ = {isa = PBXFileReference; fileEncoding = 4; lastKnownFileType = sourcecode.c.h; path = LunTanCell.h; sourceTree = "<group>"; };
		D96CF8C81F24DEC800E82985 /* LunTanCell.m */ = {isa = PBXFileReference; fileEncoding = 4; lastKnownFileType = sourcecode.c.objc; path = LunTanCell.m; sourceTree = "<group>"; };
		D97794FA1F3207DF008F6033 /* WenGaoViewController.h */ = {isa = PBXFileReference; fileEncoding = 4; lastKnownFileType = sourcecode.c.h; path = WenGaoViewController.h; sourceTree = "<group>"; };
		D97794FB1F3207DF008F6033 /* WenGaoViewController.m */ = {isa = PBXFileReference; fileEncoding = 4; lastKnownFileType = sourcecode.c.objc; path = WenGaoViewController.m; sourceTree = "<group>"; };
		D98ACC491F28CD4F00822DFF /* XiaoZuHeZuoCell.h */ = {isa = PBXFileReference; fileEncoding = 4; lastKnownFileType = sourcecode.c.h; path = XiaoZuHeZuoCell.h; sourceTree = "<group>"; };
		D98ACC4A1F28CD4F00822DFF /* XiaoZuHeZuoCell.m */ = {isa = PBXFileReference; fileEncoding = 4; lastKnownFileType = sourcecode.c.objc; path = XiaoZuHeZuoCell.m; sourceTree = "<group>"; };
		D98B66561F2A1E5A0003DA4F /* TouPiaoJieguoViewController.h */ = {isa = PBXFileReference; fileEncoding = 4; lastKnownFileType = sourcecode.c.h; path = TouPiaoJieguoViewController.h; sourceTree = "<group>"; };
		D98B66571F2A1E5B0003DA4F /* TouPiaoJieguoViewController.m */ = {isa = PBXFileReference; fileEncoding = 4; lastKnownFileType = sourcecode.c.objc; path = TouPiaoJieguoViewController.m; sourceTree = "<group>"; };
		D99A36821F2F5D4F008273A9 /* TouPiaoJieGuo1ViewController.h */ = {isa = PBXFileReference; fileEncoding = 4; lastKnownFileType = sourcecode.c.h; path = TouPiaoJieGuo1ViewController.h; sourceTree = "<group>"; };
		D99A36831F2F5D4F008273A9 /* TouPiaoJieGuo1ViewController.m */ = {isa = PBXFileReference; fileEncoding = 4; lastKnownFileType = sourcecode.c.objc; path = TouPiaoJieGuo1ViewController.m; sourceTree = "<group>"; };
		D9A2DB931F36D2E800E8201F /* QiangDaViewController.h */ = {isa = PBXFileReference; fileEncoding = 4; lastKnownFileType = sourcecode.c.h; path = QiangDaViewController.h; sourceTree = "<group>"; };
		D9A2DB941F36D2E800E8201F /* QiangDaViewController.m */ = {isa = PBXFileReference; fileEncoding = 4; lastKnownFileType = sourcecode.c.objc; path = QiangDaViewController.m; sourceTree = "<group>"; };
		D9B3002F1F334F2F00CBF73B /* TouPiaoJieGuo2ViewController.h */ = {isa = PBXFileReference; fileEncoding = 4; lastKnownFileType = sourcecode.c.h; path = TouPiaoJieGuo2ViewController.h; sourceTree = "<group>"; };
		D9B300301F334F2F00CBF73B /* TouPiaoJieGuo2ViewController.m */ = {isa = PBXFileReference; fileEncoding = 4; lastKnownFileType = sourcecode.c.objc; path = TouPiaoJieGuo2ViewController.m; sourceTree = "<group>"; };
/* End PBXFileReference section */

/* Begin PBXFrameworksBuildPhase section */
		5000378D1EE139D50007D164 /* Frameworks */ = {
			isa = PBXFrameworksBuildPhase;
			buildActionMask = 2147483647;
			files = (
				D96CF8C61F2492EA00E82985 /* AVKit.framework in Frameworks */,
				D96CF8C41F2492E500E82985 /* AVFoundation.framework in Frameworks */,
				746D9F6A7F5B0EE23C6BF468 /* Pods_ZMeducation2_0.framework in Frameworks */,
			);
			runOnlyForDeploymentPostprocessing = 0;
		};
		500037A61EE139D60007D164 /* Frameworks */ = {
			isa = PBXFrameworksBuildPhase;
			buildActionMask = 2147483647;
			files = (
			);
			runOnlyForDeploymentPostprocessing = 0;
		};
		500037B11EE139D60007D164 /* Frameworks */ = {
			isa = PBXFrameworksBuildPhase;
			buildActionMask = 2147483647;
			files = (
			);
			runOnlyForDeploymentPostprocessing = 0;
		};
/* End PBXFrameworksBuildPhase section */

/* Begin PBXGroup section */
		500037871EE139D50007D164 = {
			isa = PBXGroup;
			children = (
				500037921EE139D50007D164 /* ZMeducation2.0 */,
				50590E851EFA4D8400FF1F5A /* MBProgressHUD */,
				500037AC1EE139D60007D164 /* ZMeducation2.0Tests */,
				500037B71EE139D60007D164 /* ZMeducation2.0UITests */,
				500037911EE139D50007D164 /* Products */,
				AE8025042EDBF6EF783DED89 /* Pods */,
				A4B65CD91E007949D08849BD /* Frameworks */,
			);
			sourceTree = "<group>";
		};
		500037911EE139D50007D164 /* Products */ = {
			isa = PBXGroup;
			children = (
				500037901EE139D50007D164 /* ZMeducation2.0.app */,
				500037A91EE139D60007D164 /* ZMeducation2.0Tests.xctest */,
				500037B41EE139D60007D164 /* ZMeducation2.0UITests.xctest */,
			);
			name = Products;
			sourceTree = "<group>";
		};
		500037921EE139D50007D164 /* ZMeducation2.0 */ = {
			isa = PBXGroup;
			children = (
				500037C61EEE6F630007D164 /* AppDelegate */,
				500037CA1EEE6FAC0007D164 /* common */,
				500037C91EEE6FA90007D164 /* ViewController */,
				500037C81EEE6F7F0007D164 /* View */,
				5000379F1EE139D60007D164 /* Assets.xcassets */,
				500037A41EE139D60007D164 /* Info.plist */,
				500037931EE139D50007D164 /* Supporting Files */,
			);
			path = ZMeducation2.0;
			sourceTree = "<group>";
		};
		500037931EE139D50007D164 /* Supporting Files */ = {
			isa = PBXGroup;
			children = (
				500037941EE139D50007D164 /* main.m */,
			);
			name = "Supporting Files";
			sourceTree = "<group>";
		};
		500037AC1EE139D60007D164 /* ZMeducation2.0Tests */ = {
			isa = PBXGroup;
			children = (
				500037AD1EE139D60007D164 /* ZMeducation2_0Tests.m */,
				500037AF1EE139D60007D164 /* Info.plist */,
			);
			path = ZMeducation2.0Tests;
			sourceTree = "<group>";
		};
		500037B71EE139D60007D164 /* ZMeducation2.0UITests */ = {
			isa = PBXGroup;
			children = (
				500037B81EE139D60007D164 /* ZMeducation2_0UITests.m */,
				500037BA1EE139D60007D164 /* Info.plist */,
			);
			path = ZMeducation2.0UITests;
			sourceTree = "<group>";
		};
		500037C61EEE6F630007D164 /* AppDelegate */ = {
			isa = PBXGroup;
			children = (
				500037961EE139D50007D164 /* AppDelegate.h */,
				500037971EE139D50007D164 /* AppDelegate.m */,
			);
			name = AppDelegate;
			sourceTree = "<group>";
		};
		500037C81EEE6F7F0007D164 /* View */ = {
			isa = PBXGroup;
			children = (
			);
			name = View;
			sourceTree = "<group>";
		};
		500037C91EEE6FA90007D164 /* ViewController */ = {
			isa = PBXGroup;
			children = (
				500037DD1EEE8E5A0007D164 /* LoginViewController.h */,
				500037DE1EEE8E5A0007D164 /* LoginViewController.m */,
				50590E7C1EF9154C00FF1F5A /* SelectViewController.h */,
				50590E7D1EF9154C00FF1F5A /* SelectViewController.m */,
				500037E01EEF8E4D0007D164 /* HomeViewController.h */,
				500037E11EEF8E4D0007D164 /* HomeViewController.m */,
				500037E31EEFC9740007D164 /* LiuChengViewController.h */,
				500037E41EEFC9740007D164 /* LiuChengViewController.m */,
				D96CF8BD1F248C1600E82985 /* PdfViewController.h */,
				D96CF8BE1F248C1600E82985 /* PdfViewController.m */,
				D96CF8C01F248C2D00E82985 /* ShiPinViewController.h */,
				D96CF8C11F248C2D00E82985 /* ShiPinViewController.m */,
				50A955851F176E7100D12F40 /* YinPinViewController.h */,
				50A955861F176E7100D12F40 /* YinPinViewController.m */,
				50A955821F17200000D12F40 /* TianKongTiViewController.h */,
				50A955831F17200000D12F40 /* TianKongTiViewController.m */,
				50A955891F1EF36A00D12F40 /* JianDaTiViewController.h */,
				50A9558A1F1EF36A00D12F40 /* JianDaTiViewController.m */,
				50A9558C1F1F5FFD00D12F40 /* DanXuanTiViewController.h */,
				50A9558D1F1F5FFE00D12F40 /* DanXuanTiViewController.m */,
				505AEC0F1F20996600B0C1C0 /* DuoXuanTiViewController.h */,
				505AEC101F20996600B0C1C0 /* DuoXuanTiViewController.m */,
				505AEC121F209EC500B0C1C0 /* LunTanViewController.h */,
				505AEC131F209EC500B0C1C0 /* LunTanViewController.m */,
				D96CF8C71F24DEC800E82985 /* LunTanCell.h */,
				D96CF8C81F24DEC800E82985 /* LunTanCell.m */,
				505AEC151F25CCB400B0C1C0 /* XiaoZuHeZuoViewController.h */,
				505AEC161F25CCB400B0C1C0 /* XiaoZuHeZuoViewController.m */,
				D98B66561F2A1E5A0003DA4F /* TouPiaoJieguoViewController.h */,
				D98B66571F2A1E5B0003DA4F /* TouPiaoJieguoViewController.m */,
				D99A36821F2F5D4F008273A9 /* TouPiaoJieGuo1ViewController.h */,
				D99A36831F2F5D4F008273A9 /* TouPiaoJieGuo1ViewController.m */,
				D97794FA1F3207DF008F6033 /* WenGaoViewController.h */,
				D97794FB1F3207DF008F6033 /* WenGaoViewController.m */,
				D98ACC491F28CD4F00822DFF /* XiaoZuHeZuoCell.h */,
				D98ACC4A1F28CD4F00822DFF /* XiaoZuHeZuoCell.m */,
				D95A8B751F30A98D0016F3A7 /* toupiaoViewController.h */,
				D95A8B761F30A98D0016F3A7 /* toupiaoViewController.m */,
				D9B3002F1F334F2F00CBF73B /* TouPiaoJieGuo2ViewController.h */,
				D9B300301F334F2F00CBF73B /* TouPiaoJieGuo2ViewController.m */,
				D9A2DB931F36D2E800E8201F /* QiangDaViewController.h */,
				D9A2DB941F36D2E800E8201F /* QiangDaViewController.m */,
				500037E61EEFCF430007D164 /* XieZuoViewController.h */,
				500037E71EEFCF430007D164 /* XieZuoViewController.m */,
				500037E91EEFDA220007D164 /* LiuLanViewController.h */,
				500037EA1EEFDA220007D164 /* LiuLanViewController.m */,
				500037EC1EEFDA340007D164 /* GongJuViewController.h */,
				500037ED1EEFDA340007D164 /* GongJuViewController.m */,
			);
			name = ViewController;
			sourceTree = "<group>";
		};
		500037CA1EEE6FAC0007D164 /* common */ = {
			isa = PBXGroup;
			children = (
				50590E821EFA4D4000FF1F5A /* NSString+MD5.h */,
				50590E831EFA4D4000FF1F5A /* NSString+MD5.m */,
				50590E7F1EFA4C8F00FF1F5A /* CACUtility.h */,
				50590E801EFA4C8F00FF1F5A /* CACUtility.m */,
				500037CB1EEE75AA0007D164 /* ZMBaseViewController.h */,
				500037CC1EEE75AA0007D164 /* ZMBaseViewController.m */,
				500037CE1EEE75D60007D164 /* ZMBaseNavigationController.h */,
				500037CF1EEE75D60007D164 /* ZMBaseNavigationController.m */,
				500037D61EEE7B530007D164 /* UIView+Positioning.h */,
				500037D71EEE7B530007D164 /* UIView+Positioning.m */,
				500037D11EEE75FC0007D164 /* ConfigDefineHeader.h */,
				500037D21EEE79420007D164 /* CustomDefineHeader.h */,
				500037D91EEE7BF70007D164 /* PrefixHeader.pch */,
				50590E791EF8B7B800FF1F5A /* RequestOperationManager.h */,
				50590E7A1EF8B7B800FF1F5A /* RequestOperationManager.m */,
				50A9557F1F14A82F00D12F40 /* CustomLine.h */,
				50A955801F14A82F00D12F40 /* CustomLine.m */,
			);
			name = common;
			sourceTree = "<group>";
		};
		50590E851EFA4D8400FF1F5A /* MBProgressHUD */ = {
			isa = PBXGroup;
			children = (
				50590E861EFA4D8400FF1F5A /* LICENSE */,
				50590E871EFA4D8400FF1F5A /* MBProgressHUD.h */,
				50590E881EFA4D8400FF1F5A /* MBProgressHUD.m */,
				50590E891EFA4D8400FF1F5A /* README.mdown */,
			);
			path = MBProgressHUD;
			sourceTree = "<group>";
		};
		A4B65CD91E007949D08849BD /* Frameworks */ = {
			isa = PBXGroup;
			children = (
				D96CF8C51F2492EA00E82985 /* AVKit.framework */,
				D96CF8C31F2492E500E82985 /* AVFoundation.framework */,
				756773D42C30F3BF5397F889 /* Pods_ZMeducation2_0.framework */,
			);
			name = Frameworks;
			sourceTree = "<group>";
		};
		AE8025042EDBF6EF783DED89 /* Pods */ = {
			isa = PBXGroup;
			children = (
				3DF6A7AC097D78266E2EF86A /* Pods-ZMeducation2.0.debug.xcconfig */,
				5E0214FCDB878B1994FBB860 /* Pods-ZMeducation2.0.release.xcconfig */,
			);
			name = Pods;
			sourceTree = "<group>";
		};
/* End PBXGroup section */

/* Begin PBXNativeTarget section */
		5000378F1EE139D50007D164 /* ZMeducation2.0 */ = {
			isa = PBXNativeTarget;
			buildConfigurationList = 500037BD1EE139D60007D164 /* Build configuration list for PBXNativeTarget "ZMeducation2.0" */;
			buildPhases = (
				73FB98C8741F62A3536ADEE1 /* [CP] Check Pods Manifest.lock */,
				5000378C1EE139D50007D164 /* Sources */,
				5000378D1EE139D50007D164 /* Frameworks */,
				5000378E1EE139D50007D164 /* Resources */,
				EF0AB6E89F63F7262ECC4F30 /* [CP] Embed Pods Frameworks */,
				8DE1FFC4A6B9F5E0527E77AA /* [CP] Copy Pods Resources */,
			);
			buildRules = (
			);
			dependencies = (
			);
			name = ZMeducation2.0;
			productName = ZMeducation2.0;
			productReference = 500037901EE139D50007D164 /* ZMeducation2.0.app */;
			productType = "com.apple.product-type.application";
		};
		500037A81EE139D60007D164 /* ZMeducation2.0Tests */ = {
			isa = PBXNativeTarget;
			buildConfigurationList = 500037C01EE139D60007D164 /* Build configuration list for PBXNativeTarget "ZMeducation2.0Tests" */;
			buildPhases = (
				500037A51EE139D60007D164 /* Sources */,
				500037A61EE139D60007D164 /* Frameworks */,
				500037A71EE139D60007D164 /* Resources */,
			);
			buildRules = (
			);
			dependencies = (
				500037AB1EE139D60007D164 /* PBXTargetDependency */,
			);
			name = ZMeducation2.0Tests;
			productName = ZMeducation2.0Tests;
			productReference = 500037A91EE139D60007D164 /* ZMeducation2.0Tests.xctest */;
			productType = "com.apple.product-type.bundle.unit-test";
		};
		500037B31EE139D60007D164 /* ZMeducation2.0UITests */ = {
			isa = PBXNativeTarget;
			buildConfigurationList = 500037C31EE139D60007D164 /* Build configuration list for PBXNativeTarget "ZMeducation2.0UITests" */;
			buildPhases = (
				500037B01EE139D60007D164 /* Sources */,
				500037B11EE139D60007D164 /* Frameworks */,
				500037B21EE139D60007D164 /* Resources */,
			);
			buildRules = (
			);
			dependencies = (
				500037B61EE139D60007D164 /* PBXTargetDependency */,
			);
			name = ZMeducation2.0UITests;
			productName = ZMeducation2.0UITests;
			productReference = 500037B41EE139D60007D164 /* ZMeducation2.0UITests.xctest */;
			productType = "com.apple.product-type.bundle.ui-testing";
		};
/* End PBXNativeTarget section */

/* Begin PBXProject section */
		500037881EE139D50007D164 /* Project object */ = {
			isa = PBXProject;
			attributes = {
				LastUpgradeCheck = 0830;
				ORGANIZATIONNAME = licong;
				TargetAttributes = {
					5000378F1EE139D50007D164 = {
						CreatedOnToolsVersion = 8.3.1;
						DevelopmentTeam = B5X8VCZJRX;
						ProvisioningStyle = Automatic;
					};
					500037A81EE139D60007D164 = {
						CreatedOnToolsVersion = 8.3.1;
						DevelopmentTeam = Z94B79WRVM;
						ProvisioningStyle = Automatic;
						TestTargetID = 5000378F1EE139D50007D164;
					};
					500037B31EE139D60007D164 = {
						CreatedOnToolsVersion = 8.3.1;
						DevelopmentTeam = Z94B79WRVM;
						ProvisioningStyle = Automatic;
						TestTargetID = 5000378F1EE139D50007D164;
					};
				};
			};
			buildConfigurationList = 5000378B1EE139D50007D164 /* Build configuration list for PBXProject "ZMeducation2.0" */;
			compatibilityVersion = "Xcode 3.2";
			developmentRegion = English;
			hasScannedForEncodings = 0;
			knownRegions = (
				en,
				Base,
			);
			mainGroup = 500037871EE139D50007D164;
			productRefGroup = 500037911EE139D50007D164 /* Products */;
			projectDirPath = "";
			projectRoot = "";
			targets = (
				5000378F1EE139D50007D164 /* ZMeducation2.0 */,
				500037A81EE139D60007D164 /* ZMeducation2.0Tests */,
				500037B31EE139D60007D164 /* ZMeducation2.0UITests */,
			);
		};
/* End PBXProject section */

/* Begin PBXResourcesBuildPhase section */
		5000378E1EE139D50007D164 /* Resources */ = {
			isa = PBXResourcesBuildPhase;
			buildActionMask = 2147483647;
			files = (
				50590E8A1EFA4D8400FF1F5A /* LICENSE in Resources */,
				500037A01EE139D60007D164 /* Assets.xcassets in Resources */,
			);
			runOnlyForDeploymentPostprocessing = 0;
		};
		500037A71EE139D60007D164 /* Resources */ = {
			isa = PBXResourcesBuildPhase;
			buildActionMask = 2147483647;
			files = (
			);
			runOnlyForDeploymentPostprocessing = 0;
		};
		500037B21EE139D60007D164 /* Resources */ = {
			isa = PBXResourcesBuildPhase;
			buildActionMask = 2147483647;
			files = (
			);
			runOnlyForDeploymentPostprocessing = 0;
		};
/* End PBXResourcesBuildPhase section */

/* Begin PBXShellScriptBuildPhase section */
		73FB98C8741F62A3536ADEE1 /* [CP] Check Pods Manifest.lock */ = {
			isa = PBXShellScriptBuildPhase;
			buildActionMask = 2147483647;
			files = (
			);
			inputPaths = (
			);
			name = "[CP] Check Pods Manifest.lock";
			outputPaths = (
			);
			runOnlyForDeploymentPostprocessing = 0;
			shellPath = /bin/sh;
			shellScript = "diff \"${PODS_PODFILE_DIR_PATH}/Podfile.lock\" \"${PODS_ROOT}/Manifest.lock\" > /dev/null\nif [ $? != 0 ] ; then\n    # print error to STDERR\n    echo \"error: The sandbox is not in sync with the Podfile.lock. Run 'pod install' or update your CocoaPods installation.\" >&2\n    exit 1\nfi\n";
			showEnvVarsInLog = 0;
		};
		8DE1FFC4A6B9F5E0527E77AA /* [CP] Copy Pods Resources */ = {
			isa = PBXShellScriptBuildPhase;
			buildActionMask = 2147483647;
			files = (
			);
			inputPaths = (
			);
			name = "[CP] Copy Pods Resources";
			outputPaths = (
			);
			runOnlyForDeploymentPostprocessing = 0;
			shellPath = /bin/sh;
			shellScript = "\"${SRCROOT}/Pods/Target Support Files/Pods-ZMeducation2.0/Pods-ZMeducation2.0-resources.sh\"\n";
			showEnvVarsInLog = 0;
		};
		EF0AB6E89F63F7262ECC4F30 /* [CP] Embed Pods Frameworks */ = {
			isa = PBXShellScriptBuildPhase;
			buildActionMask = 2147483647;
			files = (
			);
			inputPaths = (
			);
			name = "[CP] Embed Pods Frameworks";
			outputPaths = (
			);
			runOnlyForDeploymentPostprocessing = 0;
			shellPath = /bin/sh;
			shellScript = "\"${SRCROOT}/Pods/Target Support Files/Pods-ZMeducation2.0/Pods-ZMeducation2.0-frameworks.sh\"\n";
			showEnvVarsInLog = 0;
		};
/* End PBXShellScriptBuildPhase section */

/* Begin PBXSourcesBuildPhase section */
		5000378C1EE139D50007D164 /* Sources */ = {
			isa = PBXSourcesBuildPhase;
			buildActionMask = 2147483647;
			files = (
				500037981EE139D50007D164 /* AppDelegate.m in Sources */,
				D98B66581F2A1E5B0003DA4F /* TouPiaoJieguoViewController.m in Sources */,
				500037E51EEFC9740007D164 /* LiuChengViewController.m in Sources */,
				500037D01EEE75D60007D164 /* ZMBaseNavigationController.m in Sources */,
				500037CD1EEE75AA0007D164 /* ZMBaseViewController.m in Sources */,
				500037EB1EEFDA220007D164 /* LiuLanViewController.m in Sources */,
				50A955841F17200000D12F40 /* TianKongTiViewController.m in Sources */,
				500037DF1EEE8E5A0007D164 /* LoginViewController.m in Sources */,
				500037D81EEE7B530007D164 /* UIView+Positioning.m in Sources */,
				500037951EE139D50007D164 /* main.m in Sources */,
				D9B300311F334F2F00CBF73B /* TouPiaoJieGuo2ViewController.m in Sources */,
				50A9558E1F1F5FFE00D12F40 /* DanXuanTiViewController.m in Sources */,
				D96CF8BF1F248C1600E82985 /* PdfViewController.m in Sources */,
				505AEC141F209EC500B0C1C0 /* LunTanViewController.m in Sources */,
				505AEC171F25CCB400B0C1C0 /* XiaoZuHeZuoViewController.m in Sources */,
				50A9558B1F1EF36A00D12F40 /* JianDaTiViewController.m in Sources */,
				50590E8C1EFA4D8400FF1F5A /* README.mdown in Sources */,
				D99A36841F2F5D4F008273A9 /* TouPiaoJieGuo1ViewController.m in Sources */,
				D98ACC4B1F28CD4F00822DFF /* XiaoZuHeZuoCell.m in Sources */,
				D9A2DB951F36D2E800E8201F /* QiangDaViewController.m in Sources */,
				D95A8B771F30A98D0016F3A7 /* toupiaoViewController.m in Sources */,
				D97794FC1F3207DF008F6033 /* WenGaoViewController.m in Sources */,
				505AEC111F20996600B0C1C0 /* DuoXuanTiViewController.m in Sources */,
				50590E811EFA4C8F00FF1F5A /* CACUtility.m in Sources */,
				500037E81EEFCF430007D164 /* XieZuoViewController.m in Sources */,
				50590E7E1EF9154C00FF1F5A /* SelectViewController.m in Sources */,
				50590E7B1EF8B7B800FF1F5A /* RequestOperationManager.m in Sources */,
				50590E841EFA4D4000FF1F5A /* NSString+MD5.m in Sources */,
				50A955871F176E7100D12F40 /* YinPinViewController.m in Sources */,
				50A955811F14A82F00D12F40 /* CustomLine.m in Sources */,
				500037EE1EEFDA340007D164 /* GongJuViewController.m in Sources */,
				D96CF8C21F248C2D00E82985 /* ShiPinViewController.m in Sources */,
				D96CF8C91F24DEC800E82985 /* LunTanCell.m in Sources */,
				500037E21EEF8E4D0007D164 /* HomeViewController.m in Sources */,
				50590E8B1EFA4D8400FF1F5A /* MBProgressHUD.m in Sources */,
			);
			runOnlyForDeploymentPostprocessing = 0;
		};
		500037A51EE139D60007D164 /* Sources */ = {
			isa = PBXSourcesBuildPhase;
			buildActionMask = 2147483647;
			files = (
				500037AE1EE139D60007D164 /* ZMeducation2_0Tests.m in Sources */,
			);
			runOnlyForDeploymentPostprocessing = 0;
		};
		500037B01EE139D60007D164 /* Sources */ = {
			isa = PBXSourcesBuildPhase;
			buildActionMask = 2147483647;
			files = (
				500037B91EE139D60007D164 /* ZMeducation2_0UITests.m in Sources */,
			);
			runOnlyForDeploymentPostprocessing = 0;
		};
/* End PBXSourcesBuildPhase section */

/* Begin PBXTargetDependency section */
		500037AB1EE139D60007D164 /* PBXTargetDependency */ = {
			isa = PBXTargetDependency;
			target = 5000378F1EE139D50007D164 /* ZMeducation2.0 */;
			targetProxy = 500037AA1EE139D60007D164 /* PBXContainerItemProxy */;
		};
		500037B61EE139D60007D164 /* PBXTargetDependency */ = {
			isa = PBXTargetDependency;
			target = 5000378F1EE139D50007D164 /* ZMeducation2.0 */;
			targetProxy = 500037B51EE139D60007D164 /* PBXContainerItemProxy */;
		};
/* End PBXTargetDependency section */

/* Begin XCBuildConfiguration section */
		500037BB1EE139D60007D164 /* Debug */ = {
			isa = XCBuildConfiguration;
			buildSettings = {
				ALWAYS_SEARCH_USER_PATHS = NO;
				CLANG_ANALYZER_NONNULL = YES;
				CLANG_ANALYZER_NUMBER_OBJECT_CONVERSION = YES_AGGRESSIVE;
				CLANG_CXX_LANGUAGE_STANDARD = "gnu++0x";
				CLANG_CXX_LIBRARY = "libc++";
				CLANG_ENABLE_MODULES = YES;
				CLANG_ENABLE_OBJC_ARC = YES;
				CLANG_WARN_BOOL_CONVERSION = YES;
				CLANG_WARN_CONSTANT_CONVERSION = YES;
				CLANG_WARN_DIRECT_OBJC_ISA_USAGE = YES_ERROR;
				CLANG_WARN_DOCUMENTATION_COMMENTS = YES;
				CLANG_WARN_EMPTY_BODY = YES;
				CLANG_WARN_ENUM_CONVERSION = YES;
				CLANG_WARN_INFINITE_RECURSION = YES;
				CLANG_WARN_INT_CONVERSION = YES;
				CLANG_WARN_OBJC_ROOT_CLASS = YES_ERROR;
				CLANG_WARN_SUSPICIOUS_MOVE = YES;
				CLANG_WARN_UNREACHABLE_CODE = YES;
				CLANG_WARN__DUPLICATE_METHOD_MATCH = YES;
				"CODE_SIGN_IDENTITY[sdk=iphoneos*]" = "iPhone Developer";
				COPY_PHASE_STRIP = NO;
				DEBUG_INFORMATION_FORMAT = dwarf;
				ENABLE_STRICT_OBJC_MSGSEND = YES;
				ENABLE_TESTABILITY = YES;
				GCC_C_LANGUAGE_STANDARD = gnu99;
				GCC_DYNAMIC_NO_PIC = NO;
				GCC_NO_COMMON_BLOCKS = YES;
				GCC_OPTIMIZATION_LEVEL = 0;
				GCC_PREPROCESSOR_DEFINITIONS = (
					"DEBUG=1",
					"$(inherited)",
				);
				GCC_WARN_64_TO_32_BIT_CONVERSION = YES;
				GCC_WARN_ABOUT_RETURN_TYPE = YES_ERROR;
				GCC_WARN_UNDECLARED_SELECTOR = YES;
				GCC_WARN_UNINITIALIZED_AUTOS = YES_AGGRESSIVE;
				GCC_WARN_UNUSED_FUNCTION = YES;
				GCC_WARN_UNUSED_VARIABLE = YES;
				IPHONEOS_DEPLOYMENT_TARGET = 10.3;
				MTL_ENABLE_DEBUG_INFO = YES;
				ONLY_ACTIVE_ARCH = YES;
				SDKROOT = iphoneos;
				TARGETED_DEVICE_FAMILY = 2;
			};
			name = Debug;
		};
		500037BC1EE139D60007D164 /* Release */ = {
			isa = XCBuildConfiguration;
			buildSettings = {
				ALWAYS_SEARCH_USER_PATHS = NO;
				CLANG_ANALYZER_NONNULL = YES;
				CLANG_ANALYZER_NUMBER_OBJECT_CONVERSION = YES_AGGRESSIVE;
				CLANG_CXX_LANGUAGE_STANDARD = "gnu++0x";
				CLANG_CXX_LIBRARY = "libc++";
				CLANG_ENABLE_MODULES = YES;
				CLANG_ENABLE_OBJC_ARC = YES;
				CLANG_WARN_BOOL_CONVERSION = YES;
				CLANG_WARN_CONSTANT_CONVERSION = YES;
				CLANG_WARN_DIRECT_OBJC_ISA_USAGE = YES_ERROR;
				CLANG_WARN_DOCUMENTATION_COMMENTS = YES;
				CLANG_WARN_EMPTY_BODY = YES;
				CLANG_WARN_ENUM_CONVERSION = YES;
				CLANG_WARN_INFINITE_RECURSION = YES;
				CLANG_WARN_INT_CONVERSION = YES;
				CLANG_WARN_OBJC_ROOT_CLASS = YES_ERROR;
				CLANG_WARN_SUSPICIOUS_MOVE = YES;
				CLANG_WARN_UNREACHABLE_CODE = YES;
				CLANG_WARN__DUPLICATE_METHOD_MATCH = YES;
				"CODE_SIGN_IDENTITY[sdk=iphoneos*]" = "iPhone Developer";
				COPY_PHASE_STRIP = NO;
				DEBUG_INFORMATION_FORMAT = "dwarf-with-dsym";
				ENABLE_NS_ASSERTIONS = NO;
				ENABLE_STRICT_OBJC_MSGSEND = YES;
				GCC_C_LANGUAGE_STANDARD = gnu99;
				GCC_NO_COMMON_BLOCKS = YES;
				GCC_WARN_64_TO_32_BIT_CONVERSION = YES;
				GCC_WARN_ABOUT_RETURN_TYPE = YES_ERROR;
				GCC_WARN_UNDECLARED_SELECTOR = YES;
				GCC_WARN_UNINITIALIZED_AUTOS = YES_AGGRESSIVE;
				GCC_WARN_UNUSED_FUNCTION = YES;
				GCC_WARN_UNUSED_VARIABLE = YES;
				IPHONEOS_DEPLOYMENT_TARGET = 10.3;
				MTL_ENABLE_DEBUG_INFO = NO;
				SDKROOT = iphoneos;
				TARGETED_DEVICE_FAMILY = 2;
				VALIDATE_PRODUCT = YES;
			};
			name = Release;
		};
		500037BE1EE139D60007D164 /* Debug */ = {
			isa = XCBuildConfiguration;
			baseConfigurationReference = 3DF6A7AC097D78266E2EF86A /* Pods-ZMeducation2.0.debug.xcconfig */;
			buildSettings = {
				ASSETCATALOG_COMPILER_APPICON_NAME = AppIcon;
				DEVELOPMENT_TEAM = B5X8VCZJRX;
				GCC_PREFIX_HEADER = "$(SRCROOT)/ZMeducation2.0/PrefixHeader.pch";
				INFOPLIST_FILE = ZMeducation2.0/Info.plist;
				IPHONEOS_DEPLOYMENT_TARGET = 9.0;
				LD_RUNPATH_SEARCH_PATHS = "$(inherited) @executable_path/Frameworks";
				PRODUCT_BUNDLE_IDENTIFIER = com.zmeducation.zmzwInHouse;
				PRODUCT_NAME = "$(TARGET_NAME)";
			};
			name = Debug;
		};
		500037BF1EE139D60007D164 /* Release */ = {
			isa = XCBuildConfiguration;
			baseConfigurationReference = 5E0214FCDB878B1994FBB860 /* Pods-ZMeducation2.0.release.xcconfig */;
			buildSettings = {
				ASSETCATALOG_COMPILER_APPICON_NAME = AppIcon;
				DEVELOPMENT_TEAM = B5X8VCZJRX;
				GCC_PREFIX_HEADER = "$(SRCROOT)/ZMeducation2.0/PrefixHeader.pch";
				INFOPLIST_FILE = ZMeducation2.0/Info.plist;
				IPHONEOS_DEPLOYMENT_TARGET = 9.0;
				LD_RUNPATH_SEARCH_PATHS = "$(inherited) @executable_path/Frameworks";
				PRODUCT_BUNDLE_IDENTIFIER = com.zmeducation.zmzwInHouse;
				PRODUCT_NAME = "$(TARGET_NAME)";
			};
			name = Release;
		};
		500037C11EE139D60007D164 /* Debug */ = {
			isa = XCBuildConfiguration;
			buildSettings = {
				BUNDLE_LOADER = "$(TEST_HOST)";
				DEVELOPMENT_TEAM = Z94B79WRVM;
				INFOPLIST_FILE = ZMeducation2.0Tests/Info.plist;
				LD_RUNPATH_SEARCH_PATHS = "$(inherited) @executable_path/Frameworks @loader_path/Frameworks";
				PRODUCT_BUNDLE_IDENTIFIER = "CAC.ZMeducation2-0Tests";
				PRODUCT_NAME = "$(TARGET_NAME)";
				TEST_HOST = "$(BUILT_PRODUCTS_DIR)/ZMeducation2.0.app/ZMeducation2.0";
			};
			name = Debug;
		};
		500037C21EE139D60007D164 /* Release */ = {
			isa = XCBuildConfiguration;
			buildSettings = {
				BUNDLE_LOADER = "$(TEST_HOST)";
				DEVELOPMENT_TEAM = Z94B79WRVM;
				INFOPLIST_FILE = ZMeducation2.0Tests/Info.plist;
				LD_RUNPATH_SEARCH_PATHS = "$(inherited) @executable_path/Frameworks @loader_path/Frameworks";
				PRODUCT_BUNDLE_IDENTIFIER = "CAC.ZMeducation2-0Tests";
				PRODUCT_NAME = "$(TARGET_NAME)";
				TEST_HOST = "$(BUILT_PRODUCTS_DIR)/ZMeducation2.0.app/ZMeducation2.0";
			};
			name = Release;
		};
		500037C41EE139D60007D164 /* Debug */ = {
			isa = XCBuildConfiguration;
			buildSettings = {
				DEVELOPMENT_TEAM = Z94B79WRVM;
				INFOPLIST_FILE = ZMeducation2.0UITests/Info.plist;
				LD_RUNPATH_SEARCH_PATHS = "$(inherited) @executable_path/Frameworks @loader_path/Frameworks";
				PRODUCT_BUNDLE_IDENTIFIER = "CAC.ZMeducation2-0UITests";
				PRODUCT_NAME = "$(TARGET_NAME)";
				TEST_TARGET_NAME = ZMeducation2.0;
			};
			name = Debug;
		};
		500037C51EE139D60007D164 /* Release */ = {
			isa = XCBuildConfiguration;
			buildSettings = {
				DEVELOPMENT_TEAM = Z94B79WRVM;
				INFOPLIST_FILE = ZMeducation2.0UITests/Info.plist;
				LD_RUNPATH_SEARCH_PATHS = "$(inherited) @executable_path/Frameworks @loader_path/Frameworks";
				PRODUCT_BUNDLE_IDENTIFIER = "CAC.ZMeducation2-0UITests";
				PRODUCT_NAME = "$(TARGET_NAME)";
				TEST_TARGET_NAME = ZMeducation2.0;
			};
			name = Release;
		};
/* End XCBuildConfiguration section */

/* Begin XCConfigurationList section */
		5000378B1EE139D50007D164 /* Build configuration list for PBXProject "ZMeducation2.0" */ = {
			isa = XCConfigurationList;
			buildConfigurations = (
				500037BB1EE139D60007D164 /* Debug */,
				500037BC1EE139D60007D164 /* Release */,
			);
			defaultConfigurationIsVisible = 0;
			defaultConfigurationName = Release;
		};
		500037BD1EE139D60007D164 /* Build configuration list for PBXNativeTarget "ZMeducation2.0" */ = {
			isa = XCConfigurationList;
			buildConfigurations = (
				500037BE1EE139D60007D164 /* Debug */,
				500037BF1EE139D60007D164 /* Release */,
			);
			defaultConfigurationIsVisible = 0;
			defaultConfigurationName = Release;
		};
		500037C01EE139D60007D164 /* Build configuration list for PBXNativeTarget "ZMeducation2.0Tests" */ = {
			isa = XCConfigurationList;
			buildConfigurations = (
				500037C11EE139D60007D164 /* Debug */,
				500037C21EE139D60007D164 /* Release */,
			);
			defaultConfigurationIsVisible = 0;
			defaultConfigurationName = Release;
		};
		500037C31EE139D60007D164 /* Build configuration list for PBXNativeTarget "ZMeducation2.0UITests" */ = {
			isa = XCConfigurationList;
			buildConfigurations = (
				500037C41EE139D60007D164 /* Debug */,
				500037C51EE139D60007D164 /* Release */,
			);
			defaultConfigurationIsVisible = 0;
			defaultConfigurationName = Release;
		};
/* End XCConfigurationList section */
	};
	rootObject = 500037881EE139D50007D164 /* Project object */;
}
